
Microsoft Visual Studio Solution File, Format Version 12.00
# Visual Studio 14
VisualStudioVersion = 14.0.25420.1
MinimumVisualStudioVersion = 10.0.40219.1
Project("{FAE04EC0-301F-11D3-BF4B-00C04F79EFBC}") = "PDI Tarea 3", "PDI Tarea 3\PDI Tarea 3.csproj", "{E06A6819-AED9-4DCB-9DAD-47F1BF1BBF60}"
EndProject
Global
	GlobalSection(SolutionConfigurationPlatforms) = preSolution
		Debug|Any CPU = Debug|Any CPU
		Release|Any CPU = Release|Any CPU
	EndGlobalSection
	GlobalSection(ProjectConfigurationPlatforms) = postSolution
		{E06A6819-AED9-4DCB-9DAD-47F1BF1BBF60}.Debug|Any CPU.ActiveCfg = Debug|Any CPU
		{E06A6819-AED9-4DCB-9DAD-47F1BF1BBF60}.Debug|Any CPU.Build.0 = Debug|Any CPU
		{E06A6819-AED9-4DCB-9DAD-47F1BF1BBF60}.Release|Any CPU.ActiveCfg = Release|Any CPU
		{E06A6819-AED9-4DCB-9DAD-47F1BF1BBF60}.Release|Any CPU.Build.0 = Release|Any CPU
	EndGlobalSection
	GlobalSection(SolutionProperties) = preSolution
		HideSolutionNode = FALSE
	EndGlobalSection
EndGlobal
